
Microsoft Visual Studio Solution File, Format Version 12.00
# Visual Studio 15
VisualStudioVersion = 15.0.27703.2047
MinimumVisualStudioVersion = 10.0.40219.1
Project("{9A19103F-16F7-4668-BE54-9A1E7A4F7556}") = "Streaming.Domain", "Streaming.Domain\Streaming.Domain.csproj", "{C5B5EF86-1D1A-41CE-A6F4-B229D0B7F6CB}"
EndProject
Project("{9A19103F-16F7-4668-BE54-9A1E7A4F7556}") = "Streaming.Application", "Streaming.Application\Streaming.Application.csproj", "{2744A91C-87B4-4B09-99C6-96D55E59E2B0}"
EndProject
Project("{9A19103F-16F7-4668-BE54-9A1E7A4F7556}") = "Streaming.Api", "Streaming.Api\Streaming.Api.csproj", "{87F01BF3-B657-4ECC-A8B8-2027F6A58C66}"
EndProject
Project("{2150E333-8FDC-42A3-9474-1A3956D46DE8}") = "Solution Items", "Solution Items", "{B7187E23-F84D-4139-A4ED-B298F5EE0542}"
	ProjectSection(SolutionItems) = preProject
		.dockerignore = .dockerignore
		.gitignore = .gitignore
		docker-compose.yml = docker-compose.yml
		Dockerfile = Dockerfile
		Jenkinsfile = Jenkinsfile
	EndProjectSection
EndProject
Project("{9A19103F-16F7-4668-BE54-9A1E7A4F7556}") = "Streaming.Common", "Streaming.Common\Streaming.Common.csproj", "{2FC85B0A-0752-4B0D-833F-59662036382E}"
EndProject
Project("{9A19103F-16F7-4668-BE54-9A1E7A4F7556}") = "Streaming.Tests", "Streaming.Tests\Streaming.Tests.csproj", "{BF2F333C-C57B-4C12-A17D-85B7E5BF3A34}"
EndProject
Project("{9A19103F-16F7-4668-BE54-9A1E7A4F7556}") = "Streaming.Auth0", "Streaming.Auth0\Streaming.Auth0.csproj", "{3C042F4F-41A1-4143-B453-21B8AE2C838F}"
EndProject
Project("{9A19103F-16F7-4668-BE54-9A1E7A4F7556}") = "Streaming.Infrastructure", "Streaming.Infrastructure\Streaming.Infrastructure.csproj", "{D3762445-CBB3-4BA5-9765-4ABEBE094C73}"
EndProject
Project("{2150E333-8FDC-42A3-9474-1A3956D46DE8}") = "Libs", "Libs", "{6C694025-EB43-4DA2-94F6-BD5DD756F585}"
EndProject
Project("{2150E333-8FDC-42A3-9474-1A3956D46DE8}") = "Core", "Core", "{864467AA-40D6-4154-8637-8C6FB551B2C7}"
EndProject
Project("{2150E333-8FDC-42A3-9474-1A3956D46DE8}") = "Presentation", "Presentation", "{D231C19D-3379-43A2-93BF-F5DD695ACFB0}"
EndProject
Project("{2150E333-8FDC-42A3-9474-1A3956D46DE8}") = "Tests", "Tests", "{03C432E8-688A-4B0A-8F80-D38F3DCBC509}"
EndProject
Global
	GlobalSection(SolutionConfigurationPlatforms) = preSolution
		Debug|Any CPU = Debug|Any CPU
		Release|Any CPU = Release|Any CPU
	EndGlobalSection
	GlobalSection(ProjectConfigurationPlatforms) = postSolution
		{C5B5EF86-1D1A-41CE-A6F4-B229D0B7F6CB}.Debug|Any CPU.ActiveCfg = Debug|Any CPU
		{C5B5EF86-1D1A-41CE-A6F4-B229D0B7F6CB}.Debug|Any CPU.Build.0 = Debug|Any CPU
		{C5B5EF86-1D1A-41CE-A6F4-B229D0B7F6CB}.Release|Any CPU.ActiveCfg = Release|Any CPU
		{C5B5EF86-1D1A-41CE-A6F4-B229D0B7F6CB}.Release|Any CPU.Build.0 = Release|Any CPU
		{2744A91C-87B4-4B09-99C6-96D55E59E2B0}.Debug|Any CPU.ActiveCfg = Debug|Any CPU
		{2744A91C-87B4-4B09-99C6-96D55E59E2B0}.Debug|Any CPU.Build.0 = Debug|Any CPU
		{2744A91C-87B4-4B09-99C6-96D55E59E2B0}.Release|Any CPU.ActiveCfg = Release|Any CPU
		{2744A91C-87B4-4B09-99C6-96D55E59E2B0}.Release|Any CPU.Build.0 = Release|Any CPU
		{87F01BF3-B657-4ECC-A8B8-2027F6A58C66}.Debug|Any CPU.ActiveCfg = Debug|Any CPU
		{87F01BF3-B657-4ECC-A8B8-2027F6A58C66}.Debug|Any CPU.Build.0 = Debug|Any CPU
		{87F01BF3-B657-4ECC-A8B8-2027F6A58C66}.Release|Any CPU.ActiveCfg = Release|Any CPU
		{87F01BF3-B657-4ECC-A8B8-2027F6A58C66}.Release|Any CPU.Build.0 = Release|Any CPU
		{2FC85B0A-0752-4B0D-833F-59662036382E}.Debug|Any CPU.ActiveCfg = Debug|Any CPU
		{2FC85B0A-0752-4B0D-833F-59662036382E}.Debug|Any CPU.Build.0 = Debug|Any CPU
		{2FC85B0A-0752-4B0D-833F-59662036382E}.Release|Any CPU.ActiveCfg = Release|Any CPU
		{2FC85B0A-0752-4B0D-833F-59662036382E}.Release|Any CPU.Build.0 = Release|Any CPU
		{BF2F333C-C57B-4C12-A17D-85B7E5BF3A34}.Debug|Any CPU.ActiveCfg = Debug|Any CPU
		{BF2F333C-C57B-4C12-A17D-85B7E5BF3A34}.Debug|Any CPU.Build.0 = Debug|Any CPU
		{BF2F333C-C57B-4C12-A17D-85B7E5BF3A34}.Release|Any CPU.ActiveCfg = Release|Any CPU
		{BF2F333C-C57B-4C12-A17D-85B7E5BF3A34}.Release|Any CPU.Build.0 = Release|Any CPU
		{3C042F4F-41A1-4143-B453-21B8AE2C838F}.Debug|Any CPU.ActiveCfg = Debug|Any CPU
		{3C042F4F-41A1-4143-B453-21B8AE2C838F}.Debug|Any CPU.Build.0 = Debug|Any CPU
		{3C042F4F-41A1-4143-B453-21B8AE2C838F}.Release|Any CPU.ActiveCfg = Release|Any CPU
		{3C042F4F-41A1-4143-B453-21B8AE2C838F}.Release|Any CPU.Build.0 = Release|Any CPU
		{D3762445-CBB3-4BA5-9765-4ABEBE094C73}.Debug|Any CPU.ActiveCfg = Debug|Any CPU
		{D3762445-CBB3-4BA5-9765-4ABEBE094C73}.Debug|Any CPU.Build.0 = Debug|Any CPU
		{D3762445-CBB3-4BA5-9765-4ABEBE094C73}.Release|Any CPU.ActiveCfg = Release|Any CPU
		{D3762445-CBB3-4BA5-9765-4ABEBE094C73}.Release|Any CPU.Build.0 = Release|Any CPU
	EndGlobalSection
	GlobalSection(SolutionProperties) = preSolution
		HideSolutionNode = FALSE
	EndGlobalSection
	GlobalSection(NestedProjects) = preSolution
		{C5B5EF86-1D1A-41CE-A6F4-B229D0B7F6CB} = {864467AA-40D6-4154-8637-8C6FB551B2C7}
		{2744A91C-87B4-4B09-99C6-96D55E59E2B0} = {864467AA-40D6-4154-8637-8C6FB551B2C7}
		{87F01BF3-B657-4ECC-A8B8-2027F6A58C66} = {D231C19D-3379-43A2-93BF-F5DD695ACFB0}
		{2FC85B0A-0752-4B0D-833F-59662036382E} = {6C694025-EB43-4DA2-94F6-BD5DD756F585}
		{BF2F333C-C57B-4C12-A17D-85B7E5BF3A34} = {03C432E8-688A-4B0A-8F80-D38F3DCBC509}
		{3C042F4F-41A1-4143-B453-21B8AE2C838F} = {6C694025-EB43-4DA2-94F6-BD5DD756F585}
		{D3762445-CBB3-4BA5-9765-4ABEBE094C73} = {864467AA-40D6-4154-8637-8C6FB551B2C7}
	EndGlobalSection
	GlobalSection(ExtensibilityGlobals) = postSolution
		SolutionGuid = {4DFA51A9-1A25-4CE8-942B-FE978749C720}
	EndGlobalSection
EndGlobal
